
Microsoft Visual Studio Solution File, Format Version 12.00
# Visual Studio Version 16
VisualStudioVersion = 16.0.30204.135
MinimumVisualStudioVersion = 10.0.40219.1
Project("{FAE04EC0-301F-11D3-BF4B-00C04F79EFBC}") = "App01_ConsultaCEP.UWP", "App01_ConsultaCEP\App01_ConsultaCEP.UWP\App01_ConsultaCEP.UWP.csproj", "{CA0C653D-1CA5-47DF-BFA8-26FD440AE212}"
EndProject
Project("{FAE04EC0-301F-11D3-BF4B-00C04F79EFBC}") = "App01_ConsultaCEP.Android", "App01_ConsultaCEP\App01_ConsultaCEP.Android\App01_ConsultaCEP.Android.csproj", "{02B7D98C-5B7B-4E79-9308-39DB071FE4B4}"
EndProject
Project("{FAE04EC0-301F-11D3-BF4B-00C04F79EFBC}") = "App01_ConsultaCEP.iOS", "App01_ConsultaCEP\App01_ConsultaCEP.iOS\App01_ConsultaCEP.iOS.csproj", "{E92E696B-F679-49D3-A8B5-F6BDA212102C}"
EndProject
Project("{FAE04EC0-301F-11D3-BF4B-00C04F79EFBC}") = "App01_ConsultaCEP", "App01_ConsultaCEP\App01_ConsultaCEP\App01_ConsultaCEP.csproj", "{F3F3284E-6441-4A0F-B4A5-EF14D117DB23}"
EndProject
Global
	GlobalSection(SolutionConfigurationPlatforms) = preSolution
		Debug|Any CPU = Debug|Any CPU
		Debug|ARM = Debug|ARM
		Debug|iPhone = Debug|iPhone
		Debug|iPhoneSimulator = Debug|iPhoneSimulator
		Debug|x64 = Debug|x64
		Debug|x86 = Debug|x86
		Release|Any CPU = Release|Any CPU
		Release|ARM = Release|ARM
		Release|iPhone = Release|iPhone
		Release|iPhoneSimulator = Release|iPhoneSimulator
		Release|x64 = Release|x64
		Release|x86 = Release|x86
	EndGlobalSection
	GlobalSection(ProjectConfigurationPlatforms) = postSolution
		{CA0C653D-1CA5-47DF-BFA8-26FD440AE212}.Debug|Any CPU.ActiveCfg = Debug|x86
		{CA0C653D-1CA5-47DF-BFA8-26FD440AE212}.Debug|Any CPU.Build.0 = Debug|x86
		{CA0C653D-1CA5-47DF-BFA8-26FD440AE212}.Debug|Any CPU.Deploy.0 = Debug|x86
		{CA0C653D-1CA5-47DF-BFA8-26FD440AE212}.Debug|ARM.ActiveCfg = Debug|ARM
		{CA0C653D-1CA5-47DF-BFA8-26FD440AE212}.Debug|ARM.Build.0 = Debug|ARM
		{CA0C653D-1CA5-47DF-BFA8-26FD440AE212}.Debug|ARM.Deploy.0 = Debug|ARM
		{CA0C653D-1CA5-47DF-BFA8-26FD440AE212}.Debug|iPhone.ActiveCfg = Debug|x86
		{CA0C653D-1CA5-47DF-BFA8-26FD440AE212}.Debug|iPhone.Build.0 = Debug|x86
		{CA0C653D-1CA5-47DF-BFA8-26FD440AE212}.Debug|iPhone.Deploy.0 = Debug|x86
		{CA0C653D-1CA5-47DF-BFA8-26FD440AE212}.Debug|iPhoneSimulator.ActiveCfg = Debug|x86
		{CA0C653D-1CA5-47DF-BFA8-26FD440AE212}.Debug|iPhoneSimulator.Build.0 = Debug|x86
		{CA0C653D-1CA5-47DF-BFA8-26FD440AE212}.Debug|iPhoneSimulator.Deploy.0 = Debug|x86
		{CA0C653D-1CA5-47DF-BFA8-26FD440AE212}.Debug|x64.ActiveCfg = Debug|x64
		{CA0C653D-1CA5-47DF-BFA8-26FD440AE212}.Debug|x64.Build.0 = Debug|x64
		{CA0C653D-1CA5-47DF-BFA8-26FD440AE212}.Debug|x64.Deploy.0 = Debug|x64
		{CA0C653D-1CA5-47DF-BFA8-26FD440AE212}.Debug|x86.ActiveCfg = Debug|x86
		{CA0C653D-1CA5-47DF-BFA8-26FD440AE212}.Debug|x86.Build.0 = Debug|x86
		{CA0C653D-1CA5-47DF-BFA8-26FD440AE212}.Debug|x86.Deploy.0 = Debug|x86
		{CA0C653D-1CA5-47DF-BFA8-26FD440AE212}.Release|Any CPU.ActiveCfg = Release|x86
		{CA0C653D-1CA5-47DF-BFA8-26FD440AE212}.Release|Any CPU.Build.0 = Release|x86
		{CA0C653D-1CA5-47DF-BFA8-26FD440AE212}.Release|Any CPU.Deploy.0 = Release|x86
		{CA0C653D-1CA5-47DF-BFA8-26FD440AE212}.Release|ARM.ActiveCfg = Release|ARM
		{CA0C653D-1CA5-47DF-BFA8-26FD440AE212}.Release|ARM.Build.0 = Release|ARM
		{CA0C653D-1CA5-47DF-BFA8-26FD440AE212}.Release|ARM.Deploy.0 = Release|ARM
		{CA0C653D-1CA5-47DF-BFA8-26FD440AE212}.Release|iPhone.ActiveCfg = Release|x86
		{CA0C653D-1CA5-47DF-BFA8-26FD440AE212}.Release|iPhone.Build.0 = Release|x86
		{CA0C653D-1CA5-47DF-BFA8-26FD440AE212}.Release|iPhone.Deploy.0 = Release|x86
		{CA0C653D-1CA5-47DF-BFA8-26FD440AE212}.Release|iPhoneSimulator.ActiveCfg = Release|x86
		{CA0C653D-1CA5-47DF-BFA8-26FD440AE212}.Release|iPhoneSimulator.Build.0 = Release|x86
		{CA0C653D-1CA5-47DF-BFA8-26FD440AE212}.Release|iPhoneSimulator.Deploy.0 = Release|x86
		{CA0C653D-1CA5-47DF-BFA8-26FD440AE212}.Release|x64.ActiveCfg = Release|x64
		{CA0C653D-1CA5-47DF-BFA8-26FD440AE212}.Release|x64.Build.0 = Release|x64
		{CA0C653D-1CA5-47DF-BFA8-26FD440AE212}.Release|x64.Deploy.0 = Release|x64
		{CA0C653D-1CA5-47DF-BFA8-26FD440AE212}.Release|x86.ActiveCfg = Release|x86
		{CA0C653D-1CA5-47DF-BFA8-26FD440AE212}.Release|x86.Build.0 = Release|x86
		{CA0C653D-1CA5-47DF-BFA8-26FD440AE212}.Release|x86.Deploy.0 = Release|x86
		{02B7D98C-5B7B-4E79-9308-39DB071FE4B4}.Debug|Any CPU.ActiveCfg = Debug|Any CPU
		{02B7D98C-5B7B-4E79-9308-39DB071FE4B4}.Debug|Any CPU.Build.0 = Debug|Any CPU
		{02B7D98C-5B7B-4E79-9308-39DB071FE4B4}.Debug|Any CPU.Deploy.0 = Debug|Any CPU
		{02B7D98C-5B7B-4E79-9308-39DB071FE4B4}.Debug|ARM.ActiveCfg = Debug|Any CPU
		{02B7D98C-5B7B-4E79-9308-39DB071FE4B4}.Debug|ARM.Build.0 = Debug|Any CPU
		{02B7D98C-5B7B-4E79-9308-39DB071FE4B4}.Debug|ARM.Deploy.0 = Debug|Any CPU
		{02B7D98C-5B7B-4E79-9308-39DB071FE4B4}.Debug|iPhone.ActiveCfg = Debug|Any CPU
		{02B7D98C-5B7B-4E79-9308-39DB071FE4B4}.Debug|iPhone.Build.0 = Debug|Any CPU
		{02B7D98C-5B7B-4E79-9308-39DB071FE4B4}.Debug|iPhone.Deploy.0 = Debug|Any CPU
		{02B7D98C-5B7B-4E79-9308-39DB071FE4B4}.Debug|iPhoneSimulator.ActiveCfg = Debug|Any CPU
		{02B7D98C-5B7B-4E79-9308-39DB071FE4B4}.Debug|iPhoneSimulator.Build.0 = Debug|Any CPU
		{02B7D98C-5B7B-4E79-9308-39DB071FE4B4}.Debug|iPhoneSimulator.Deploy.0 = Debug|Any CPU
		{02B7D98C-5B7B-4E79-9308-39DB071FE4B4}.Debug|x64.ActiveCfg = Debug|Any CPU
		{02B7D98C-5B7B-4E79-9308-39DB071FE4B4}.Debug|x64.Build.0 = Debug|Any CPU
		{02B7D98C-5B7B-4E79-9308-39DB071FE4B4}.Debug|x64.Deploy.0 = Debug|Any CPU
		{02B7D98C-5B7B-4E79-9308-39DB071FE4B4}.Debug|x86.ActiveCfg = Debug|Any CPU
		{02B7D98C-5B7B-4E79-9308-39DB071FE4B4}.Debug|x86.Build.0 = Debug|Any CPU
		{02B7D98C-5B7B-4E79-9308-39DB071FE4B4}.Debug|x86.Deploy.0 = Debug|Any CPU
		{02B7D98C-5B7B-4E79-9308-39DB071FE4B4}.Release|Any CPU.ActiveCfg = Release|Any CPU
		{02B7D98C-5B7B-4E79-9308-39DB071FE4B4}.Release|Any CPU.Build.0 = Release|Any CPU
		{02B7D98C-5B7B-4E79-9308-39DB071FE4B4}.Release|Any CPU.Deploy.0 = Release|Any CPU
		{02B7D98C-5B7B-4E79-9308-39DB071FE4B4}.Release|ARM.ActiveCfg = Release|Any CPU
		{02B7D98C-5B7B-4E79-9308-39DB071FE4B4}.Release|ARM.Build.0 = Release|Any CPU
		{02B7D98C-5B7B-4E79-9308-39DB071FE4B4}.Release|ARM.Deploy.0 = Release|Any CPU
		{02B7D98C-5B7B-4E79-9308-39DB071FE4B4}.Release|iPhone.ActiveCfg = Release|Any CPU
		{02B7D98C-5B7B-4E79-9308-39DB071FE4B4}.Release|iPhone.Build.0 = Release|Any CPU
		{02B7D98C-5B7B-4E79-9308-39DB071FE4B4}.Release|iPhone.Deploy.0 = Release|Any CPU
		{02B7D98C-5B7B-4E79-9308-39DB071FE4B4}.Release|iPhoneSimulator.ActiveCfg = Release|Any CPU
		{02B7D98C-5B7B-4E79-9308-39DB071FE4B4}.Release|iPhoneSimulator.Build.0 = Release|Any CPU
		{02B7D98C-5B7B-4E79-9308-39DB071FE4B4}.Release|iPhoneSimulator.Deploy.0 = Release|Any CPU
		{02B7D98C-5B7B-4E79-9308-39DB071FE4B4}.Release|x64.ActiveCfg = Release|Any CPU
		{02B7D98C-5B7B-4E79-9308-39DB071FE4B4}.Release|x64.Build.0 = Release|Any CPU
		{02B7D98C-5B7B-4E79-9308-39DB071FE4B4}.Release|x64.Deploy.0 = Release|Any CPU
		{02B7D98C-5B7B-4E79-9308-39DB071FE4B4}.Release|x86.ActiveCfg = Release|Any CPU
		{02B7D98C-5B7B-4E79-9308-39DB071FE4B4}.Release|x86.Build.0 = Release|Any CPU
		{02B7D98C-5B7B-4E79-9308-39DB071FE4B4}.Release|x86.Deploy.0 = Release|Any CPU
		{E92E696B-F679-49D3-A8B5-F6BDA212102C}.Debug|Any CPU.ActiveCfg = Debug|iPhone
		{E92E696B-F679-49D3-A8B5-F6BDA212102C}.Debug|Any CPU.Build.0 = Debug|iPhone
		{E92E696B-F679-49D3-A8B5-F6BDA212102C}.Debug|Any CPU.Deploy.0 = Debug|iPhone
		{E92E696B-F679-49D3-A8B5-F6BDA212102C}.Debug|ARM.ActiveCfg = Debug|iPhone
		{E92E696B-F679-49D3-A8B5-F6BDA212102C}.Debug|ARM.Build.0 = Debug|iPhone
		{E92E696B-F679-49D3-A8B5-F6BDA212102C}.Debug|ARM.Deploy.0 = Debug|iPhone
		{E92E696B-F679-49D3-A8B5-F6BDA212102C}.Debug|iPhone.ActiveCfg = Debug|iPhone
		{E92E696B-F679-49D3-A8B5-F6BDA212102C}.Debug|iPhone.Build.0 = Debug|iPhone
		{E92E696B-F679-49D3-A8B5-F6BDA212102C}.Debug|iPhone.Deploy.0 = Debug|iPhone
		{E92E696B-F679-49D3-A8B5-F6BDA212102C}.Debug|iPhoneSimulator.ActiveCfg = Debug|iPhoneSimulator
		{E92E696B-F679-49D3-A8B5-F6BDA212102C}.Debug|iPhoneSimulator.Build.0 = Debug|iPhoneSimulator
		{E92E696B-F679-49D3-A8B5-F6BDA212102C}.Debug|iPhoneSimulator.Deploy.0 = Debug|iPhoneSimulator
		{E92E696B-F679-49D3-A8B5-F6BDA212102C}.Debug|x64.ActiveCfg = Debug|iPhone
		{E92E696B-F679-49D3-A8B5-F6BDA212102C}.Debug|x64.Build.0 = Debug|iPhone
		{E92E696B-F679-49D3-A8B5-F6BDA212102C}.Debug|x64.Deploy.0 = Debug|iPhone
		{E92E696B-F679-49D3-A8B5-F6BDA212102C}.Debug|x86.ActiveCfg = Debug|iPhone
		{E92E696B-F679-49D3-A8B5-F6BDA212102C}.Debug|x86.Build.0 = Debug|iPhone
		{E92E696B-F679-49D3-A8B5-F6BDA212102C}.Debug|x86.Deploy.0 = Debug|iPhone
		{E92E696B-F679-49D3-A8B5-F6BDA212102C}.Release|Any CPU.ActiveCfg = Release|iPhone
		{E92E696B-F679-49D3-A8B5-F6BDA212102C}.Release|Any CPU.Build.0 = Release|iPhone
		{E92E696B-F679-49D3-A8B5-F6BDA212102C}.Release|Any CPU.Deploy.0 = Release|iPhone
		{E92E696B-F679-49D3-A8B5-F6BDA212102C}.Release|ARM.ActiveCfg = Release|iPhone
		{E92E696B-F679-49D3-A8B5-F6BDA212102C}.Release|ARM.Build.0 = Release|iPhone
		{E92E696B-F679-49D3-A8B5-F6BDA212102C}.Release|ARM.Deploy.0 = Release|iPhone
		{E92E696B-F679-49D3-A8B5-F6BDA212102C}.Release|iPhone.ActiveCfg = Release|iPhone
		{E92E696B-F679-49D3-A8B5-F6BDA212102C}.Release|iPhone.Build.0 = Release|iPhone
		{E92E696B-F679-49D3-A8B5-F6BDA212102C}.Release|iPhone.Deploy.0 = Release|iPhone
		{E92E696B-F679-49D3-A8B5-F6BDA212102C}.Release|iPhoneSimulator.ActiveCfg = Release|iPhoneSimulator
		{E92E696B-F679-49D3-A8B5-F6BDA212102C}.Release|iPhoneSimulator.Build.0 = Release|iPhoneSimulator
		{E92E696B-F679-49D3-A8B5-F6BDA212102C}.Release|iPhoneSimulator.Deploy.0 = Release|iPhoneSimulator
		{E92E696B-F679-49D3-A8B5-F6BDA212102C}.Release|x64.ActiveCfg = Release|iPhone
		{E92E696B-F679-49D3-A8B5-F6BDA212102C}.Release|x64.Build.0 = Release|iPhone
		{E92E696B-F679-49D3-A8B5-F6BDA212102C}.Release|x64.Deploy.0 = Release|iPhone
		{E92E696B-F679-49D3-A8B5-F6BDA212102C}.Release|x86.ActiveCfg = Release|iPhone
		{E92E696B-F679-49D3-A8B5-F6BDA212102C}.Release|x86.Build.0 = Release|iPhone
		{E92E696B-F679-49D3-A8B5-F6BDA212102C}.Release|x86.Deploy.0 = Release|iPhone
		{F3F3284E-6441-4A0F-B4A5-EF14D117DB23}.Debug|Any CPU.ActiveCfg = Debug|Any CPU
		{F3F3284E-6441-4A0F-B4A5-EF14D117DB23}.Debug|Any CPU.Build.0 = Debug|Any CPU
		{F3F3284E-6441-4A0F-B4A5-EF14D117DB23}.Debug|Any CPU.Deploy.0 = Debug|Any CPU
		{F3F3284E-6441-4A0F-B4A5-EF14D117DB23}.Debug|ARM.ActiveCfg = Debug|Any CPU
		{F3F3284E-6441-4A0F-B4A5-EF14D117DB23}.Debug|ARM.Build.0 = Debug|Any CPU
		{F3F3284E-6441-4A0F-B4A5-EF14D117DB23}.Debug|ARM.Deploy.0 = Debug|Any CPU
		{F3F3284E-6441-4A0F-B4A5-EF14D117DB23}.Debug|iPhone.ActiveCfg = Debug|Any CPU
		{F3F3284E-6441-4A0F-B4A5-EF14D117DB23}.Debug|iPhone.Build.0 = Debug|Any CPU
		{F3F3284E-6441-4A0F-B4A5-EF14D117DB23}.Debug|iPhone.Deploy.0 = Debug|Any CPU
		{F3F3284E-6441-4A0F-B4A5-EF14D117DB23}.Debug|iPhoneSimulator.ActiveCfg = Debug|Any CPU
		{F3F3284E-6441-4A0F-B4A5-EF14D117DB23}.Debug|iPhoneSimulator.Build.0 = Debug|Any CPU
		{F3F3284E-6441-4A0F-B4A5-EF14D117DB23}.Debug|iPhoneSimulator.Deploy.0 = Debug|Any CPU
		{F3F3284E-6441-4A0F-B4A5-EF14D117DB23}.Debug|x64.ActiveCfg = Debug|Any CPU
		{F3F3284E-6441-4A0F-B4A5-EF14D117DB23}.Debug|x64.Build.0 = Debug|Any CPU
		{F3F3284E-6441-4A0F-B4A5-EF14D117DB23}.Debug|x64.Deploy.0 = Debug|Any CPU
		{F3F3284E-6441-4A0F-B4A5-EF14D117DB23}.Debug|x86.ActiveCfg = Debug|Any CPU
		{F3F3284E-6441-4A0F-B4A5-EF14D117DB23}.Debug|x86.Build.0 = Debug|Any CPU
		{F3F3284E-6441-4A0F-B4A5-EF14D117DB23}.Debug|x86.Deploy.0 = Debug|Any CPU
		{F3F3284E-6441-4A0F-B4A5-EF14D117DB23}.Release|Any CPU.ActiveCfg = Release|Any CPU
		{F3F3284E-6441-4A0F-B4A5-EF14D117DB23}.Release|Any CPU.Build.0 = Release|Any CPU
		{F3F3284E-6441-4A0F-B4A5-EF14D117DB23}.Release|Any CPU.Deploy.0 = Release|Any CPU
		{F3F3284E-6441-4A0F-B4A5-EF14D117DB23}.Release|ARM.ActiveCfg = Release|Any CPU
		{F3F3284E-6441-4A0F-B4A5-EF14D117DB23}.Release|ARM.Build.0 = Release|Any CPU
		{F3F3284E-6441-4A0F-B4A5-EF14D117DB23}.Release|ARM.Deploy.0 = Release|Any CPU
		{F3F3284E-6441-4A0F-B4A5-EF14D117DB23}.Release|iPhone.ActiveCfg = Release|Any CPU
		{F3F3284E-6441-4A0F-B4A5-EF14D117DB23}.Release|iPhone.Build.0 = Release|Any CPU
		{F3F3284E-6441-4A0F-B4A5-EF14D117DB23}.Release|iPhone.Deploy.0 = Release|Any CPU
		{F3F3284E-6441-4A0F-B4A5-EF14D117DB23}.Release|iPhoneSimulator.ActiveCfg = Release|Any CPU
		{F3F3284E-6441-4A0F-B4A5-EF14D117DB23}.Release|iPhoneSimulator.Build.0 = Release|Any CPU
		{F3F3284E-6441-4A0F-B4A5-EF14D117DB23}.Release|iPhoneSimulator.Deploy.0 = Release|Any CPU
		{F3F3284E-6441-4A0F-B4A5-EF14D117DB23}.Release|x64.ActiveCfg = Release|Any CPU
		{F3F3284E-6441-4A0F-B4A5-EF14D117DB23}.Release|x64.Build.0 = Release|Any CPU
		{F3F3284E-6441-4A0F-B4A5-EF14D117DB23}.Release|x64.Deploy.0 = Release|Any CPU
		{F3F3284E-6441-4A0F-B4A5-EF14D117DB23}.Release|x86.ActiveCfg = Release|Any CPU
		{F3F3284E-6441-4A0F-B4A5-EF14D117DB23}.Release|x86.Build.0 = Release|Any CPU
		{F3F3284E-6441-4A0F-B4A5-EF14D117DB23}.Release|x86.Deploy.0 = Release|Any CPU
	EndGlobalSection
	GlobalSection(SolutionProperties) = preSolution
		HideSolutionNode = FALSE
	EndGlobalSection
	GlobalSection(ExtensibilityGlobals) = postSolution
		SolutionGuid = {76CF94B0-D08B-4A2E-956C-BF30D72F53AF}
	EndGlobalSection
EndGlobal
